{
  "requires": true,
  "lockfileVersion": 1,
  "dependencies": {
    "@babel/runtime": {
      "version": "7.23.9",
      "resolved": "https://registry.npmjs.org/@babel/runtime/-/runtime-7.23.9.tgz",
      "integrity": "sha512-0CX6F+BI2s9dkUqr08KFrAIZgNFj75rdBU/DjCyYLIaV/quFjkk6T+EJ2LkZHyZTbEV4L5p97mNkUsHl2wLFAw==",
      "requires": {
        "regenerator-runtime": "^0.14.0"
      }
    },
    "automation-events": {
      "version": "6.0.14",
      "resolved": "https://registry.npmjs.org/automation-events/-/automation-events-6.0.14.tgz",
      "integrity": "sha512-CoxZlKaVDGfjdfOULxd6ws8gQ/WLCw7JXub4qb0LM55otKQL9j2BnlN07lT/0V75SGzLMOElfXpTvWqzzIHx0w==",
      "requires": {
        "@babel/runtime": "^7.23.8",
        "tslib": "^2.6.2"
      }
    },
    "broker-factory": {
      "version": "3.0.90",
      "resolved": "https://registry.npmjs.org/broker-factory/-/broker-factory-3.0.90.tgz",
      "integrity": "sha512-lJkaJYuQgmiRaE0zFXKamXdFpsDxXrQpJ4ozSArlyErZh3h5wwYtVqhjYRr0e5eXQuWaH89F71ilLSfnngl/pg==",
      "requires": {
        "@babel/runtime": "^7.23.8",
        "fast-unique-numbers": "^8.0.13",
        "tslib": "^2.6.2",
        "worker-factory": "^7.0.17"
      }
    },
    "compilerr": {
      "version": "11.0.14",
      "resolved": "https://registry.npmjs.org/compilerr/-/compilerr-11.0.14.tgz",
      "integrity": "sha512-lXAwrvTvH6BWGT2OUnShVQ64YM5NdUbhBgqkCNZs6dV3yyUUqYwV1a8s7BamNlWKAdF3P7BFCtlF21shnnxspQ==",
      "requires": {
        "@babel/runtime": "^7.23.8",
        "dashify": "^2.0.0",
        "indefinite-article": "0.0.2",
        "tslib": "^2.6.2"
      }
    },
    "dashify": {
      "version": "2.0.0",
      "resolved": "https://registry.npmjs.org/dashify/-/dashify-2.0.0.tgz",
      "integrity": "sha512-hpA5C/YrPjucXypHPPc0oJ1l9Hf6wWbiOL7Ik42cxnsUOhWiCB/fylKbKqqJalW9FgkNQCw16YO8uW9Hs0Iy1A=="
    },
    "extendable-media-recorder": {
      "version": "9.1.7",
      "resolved": "https://registry.npmjs.org/extendable-media-recorder/-/extendable-media-recorder-9.1.7.tgz",
      "integrity": "sha512-IIvQF6UIYTnn2rmGBxDG+sLobe4mqbb3HkTAnZ9k4DBzHrBXPuQnm42w0VvEdcuIUm1qVOAj7J0q/sKWneL1+A==",
      "requires": {
        "@babel/runtime": "^7.23.8",
        "media-encoder-host": "^8.0.105",
        "multi-buffer-data-view": "^5.0.14",
        "recorder-audio-worklet": "^6.0.18",
        "standardized-audio-context": "^25.3.63",
        "subscribable-things": "^2.1.29",
        "tslib": "^2.6.2"
      }
    },
    "extendable-media-recorder-wav-encoder-broker": {
      "version": "7.0.94",
      "resolved": "https://registry.npmjs.org/extendable-media-recorder-wav-encoder-broker/-/extendable-media-recorder-wav-encoder-broker-7.0.94.tgz",
      "integrity": "sha512-HyBWUAwdxGieOeW/tFTUTii+B2Q8VBLKp3QoMMsdW/2dattRgCPmJnuLycS5QeQ+Hk6B+vRcon6Blw1P+2SU8w==",
      "requires": {
        "@babel/runtime": "^7.23.8",
        "broker-factory": "^3.0.90",
        "extendable-media-recorder-wav-encoder-worker": "^8.0.91",
        "tslib": "^2.6.2"
      }
    },
    "extendable-media-recorder-wav-encoder-worker": {
      "version": "8.0.91",
      "resolved": "https://registry.npmjs.org/extendable-media-recorder-wav-encoder-worker/-/extendable-media-recorder-wav-encoder-worker-8.0.91.tgz",
      "integrity": "sha512-TVJ6h/Z0+jzUARPNRLYOZ1TJOXI83l5OXayCBRTOW3NGDFhw7jlbxxngf0tCMRI34JACiS8X1uWHiaHpg9A9Ww==",
      "requires": {
        "@babel/runtime": "^7.23.8",
        "tslib": "^2.6.2",
        "worker-factory": "^7.0.17"
      }
    },
    "fast-unique-numbers": {
      "version": "8.0.13",
      "resolved": "https://registry.npmjs.org/fast-unique-numbers/-/fast-unique-numbers-8.0.13.tgz",
      "integrity": "sha512-7OnTFAVPefgw2eBJ1xj2PGGR9FwYzSUso9decayHgCDX4sJkHLdcsYTytTg+tYv+wKF3U8gJuSBz2jJpQV4u/g==",
      "requires": {
        "@babel/runtime": "^7.23.8",
        "tslib": "^2.6.2"
      }
    },
    "indefinite-article": {
      "version": "0.0.2",
      "resolved": "https://registry.npmjs.org/indefinite-article/-/indefinite-article-0.0.2.tgz",
      "integrity": "sha512-Au/2XzRkvxq2J6w5uvSSbBKPZ5kzINx5F2wb0SF8xpRL8BP9Lav81TnRbfPp6p+SYjYxwaaLn4EUwI3/MmYKSw=="
    },
    "media-encoder-host": {
      "version": "8.0.105",
      "resolved": "https://registry.npmjs.org/media-encoder-host/-/media-encoder-host-8.0.105.tgz",
      "integrity": "sha512-MJE1t3u0DH0lDkpdJK8VEeL0/3e6G68GPeq1iJpRKJM1+6ichnMerCBypiAVSwUuJeTERruoSR39QUWiyiV0Og==",
      "requires": {
        "@babel/runtime": "^7.23.8",
        "media-encoder-host-broker": "^7.0.95",
        "media-encoder-host-worker": "^9.1.17",
        "tslib": "^2.6.2"
      }
    },
    "media-encoder-host-broker": {
      "version": "7.0.95",
      "resolved": "https://registry.npmjs.org/media-encoder-host-broker/-/media-encoder-host-broker-7.0.95.tgz",
      "integrity": "sha512-SfTAUixFHz4DwVHitnb7n52ptvJIq4dnL6pw3f61vxFvCYgxCkS/abQ5uhyu405Wpi3zf4JrCt8XJvtV9WcAVQ==",
      "requires": {
        "@babel/runtime": "^7.23.8",
        "broker-factory": "^3.0.90",
        "fast-unique-numbers": "^8.0.13",
        "media-encoder-host-worker": "^9.1.17",
        "tslib": "^2.6.2"
      }
    },
    "media-encoder-host-worker": {
      "version": "9.1.17",
      "resolved": "https://registry.npmjs.org/media-encoder-host-worker/-/media-encoder-host-worker-9.1.17.tgz",
      "integrity": "sha512-BJ/n1C21k2bU+/C8VuhxOTRvzrWbNMqDKtOwebZtzEUHj/zd3V5/oME33MPXaDSSmU18qtBOvyoGsQfX9kfpaQ==",
      "requires": {
        "@babel/runtime": "^7.23.8",
        "extendable-media-recorder-wav-encoder-broker": "^7.0.94",
        "tslib": "^2.6.2",
        "worker-factory": "^7.0.17"
      }
    },
    "multi-buffer-data-view": {
      "version": "5.0.14",
      "resolved": "https://registry.npmjs.org/multi-buffer-data-view/-/multi-buffer-data-view-5.0.14.tgz",
      "integrity": "sha512-MaATo4p+GrnsfQIoOfr6ZRaUFdkHiDgaXv7fghTzEAnfWMdhkC2VJg5cduGQIhdmgbRoXMqJ8AEgIRYGt7MX4g==",
      "requires": {
        "@babel/runtime": "^7.23.8",
        "tslib": "^2.6.2"
      }
    },
    "recorder-audio-worklet": {
      "version": "6.0.18",
      "resolved": "https://registry.npmjs.org/recorder-audio-worklet/-/recorder-audio-worklet-6.0.18.tgz",
      "integrity": "sha512-qDBcA8Xo2COvgD6azgbejvrB3L4iSV06caj0Gu0BTgvi+v5HuiHbVqqOVX1nVNiwkCKBEgT7tMeB8Wc481yfGw==",
      "requires": {
        "@babel/runtime": "^7.23.8",
        "broker-factory": "^3.0.90",
        "fast-unique-numbers": "^8.0.13",
        "recorder-audio-worklet-processor": "^5.0.13",
        "standardized-audio-context": "^25.3.63",
        "subscribable-things": "^2.1.29",
        "tslib": "^2.6.2",
        "worker-factory": "^7.0.17"
      }
    },
    "recorder-audio-worklet-processor": {
      "version": "5.0.13",
      "resolved": "https://registry.npmjs.org/recorder-audio-worklet-processor/-/recorder-audio-worklet-processor-5.0.13.tgz",
      "integrity": "sha512-V9ZpLU6lPtMWm16BQzFFaNafwja6egq4iFGJwPWhK6gnAlZ+9alTbsLCOoOVHQDM0aTJ6NTwp9HYHnNjgzX+Ig==",
      "requires": {
        "@babel/runtime": "^7.23.8",
        "tslib": "^2.6.2"
      }
    },
    "regenerator-runtime": {
      "version": "0.14.1",
      "resolved": "https://registry.npmjs.org/regenerator-runtime/-/regenerator-runtime-0.14.1.tgz",
      "integrity": "sha512-dYnhHh0nJoMfnkZs6GmmhFknAGRrLznOu5nc9ML+EJxGvrx6H7teuevqVqCuPcPK//3eDrrjQhehXVx9cnkGdw=="
    },
    "rxjs-interop": {
      "version": "2.0.0",
      "resolved": "https://registry.npmjs.org/rxjs-interop/-/rxjs-interop-2.0.0.tgz",
      "integrity": "sha512-ASEq9atUw7lualXB+knvgtvwkCEvGWV2gDD/8qnASzBkzEARZck9JAyxmY8OS6Nc1pCPEgDTKNcx+YqqYfzArw=="
    },
    "standardized-audio-context": {
      "version": "25.3.63",
      "resolved": "https://registry.npmjs.org/standardized-audio-context/-/standardized-audio-context-25.3.63.tgz",
      "integrity": "sha512-6hB0GbZOx3Q0npxg1QMZTN/jioom3jMkVcr3EqZbwywytqykevtuCgZuaUJqntTzv7q2mEW9KsCUtFCpbWpCkw==",
      "requires": {
        "@babel/runtime": "^7.23.8",
        "automation-events": "^6.0.14",
        "tslib": "^2.6.2"
      }
    },
    "subscribable-things": {
      "version": "2.1.29",
      "resolved": "https://registry.npmjs.org/subscribable-things/-/subscribable-things-2.1.29.tgz",
      "integrity": "sha512-6rm+HVqu+4Ccb34qE7ZbvDNeZMVgxPvytgUGt5oVSnZ7e3Vevx8AQf0GwNddF5BtOD9pRpShSqfBJcsL4y/cHw==",
      "requires": {
        "@babel/runtime": "^7.23.8",
        "rxjs-interop": "^2.0.0",
        "tslib": "^2.6.2"
      }
    },
    "tslib": {
      "version": "2.6.2",
      "resolved": "https://registry.npmjs.org/tslib/-/tslib-2.6.2.tgz",
      "integrity": "sha512-AEYxH93jGFPn/a2iVAwW87VuUIkR1FVUKB77NwMF7nBTDkDrrT/Hpt/IrCJ0QXhW27jTBDcf5ZY7w6RiqTMw2Q=="
    },
    "worker-factory": {
      "version": "7.0.17",
      "resolved": "https://registry.npmjs.org/worker-factory/-/worker-factory-7.0.17.tgz",
      "integrity": "sha512-KxladWqxsdAUZu2RAxM1GckkrptD3ZMu3p17O6LWuNarutgtAo2zSXufS+7IWemdk7chmS6jXG/i+vth8/SP8w==",
      "requires": {
        "@babel/runtime": "^7.23.8",
        "compilerr": "^11.0.14",
        "fast-unique-numbers": "^8.0.13",
        "tslib": "^2.6.2"
      }
    }
  }
}
